---
title: Num Lock on Startup
description: Toggles the Num Lock key state when your computer starts
actions:
  - !registryValue:
    path: 'HKU\.DEFAULT\Control Panel\Keyboard'
    value: "InitialKeyboardIndicators"
    data: "2"
    type: REG_SZ

  - !registryValue:
    path: 'HKCU\Control Panel\Keyboard'
    value: "InitialKeyboardIndicators"
    data: "2"
    type: REG_SZ
